
Microsoft Visual Studio Solution File, Format Version 12.00
# Visual Studio Version 17
VisualStudioVersion = 17.11.35327.3
MinimumVisualStudioVersion = 10.0.40219.1
Project("{C9674DCB-5085-4A16-B785-4C70DD1589BD}") = "masterworksheetdata2", "masterworksheetdata2\masterworksheetdata2.dtproj", "{E78C90C7-C698-4E23-B39E-8B44C420A4F8}"
EndProject
Global
	GlobalSection(SolutionConfigurationPlatforms) = preSolution
		Development|Default = Development|Default
	EndGlobalSection
	GlobalSection(ProjectConfigurationPlatforms) = postSolution
		{E78C90C7-C698-4E23-B39E-8B44C420A4F8}.Development|Default.ActiveCfg = Development
		{E78C90C7-C698-4E23-B39E-8B44C420A4F8}.Development|Default.Build.0 = Development
	EndGlobalSection
	GlobalSection(SolutionProperties) = preSolution
		HideSolutionNode = FALSE
	EndGlobalSection
	GlobalSection(ExtensibilityGlobals) = postSolution
		SolutionGuid = {49510E32-1669-4C3E-97F1-B80DB600E98F}
	EndGlobalSection
EndGlobal
